PODS:
  - ChatSdk (1.0.0)

DEPENDENCIES:
  - ChatSdk (from `https://github.com/numanayhan/ChatSdk.git`)

EXTERNAL SOURCES:
  ChatSdk:
    :git: https://github.com/numanayhan/ChatSdk.git

CHECKOUT OPTIONS:
  ChatSdk:
    :commit: 2cd10a9a95f11af0c2eb9775047b8bd4a9f210fd
    :git: https://github.com/numanayhan/ChatSdk.git

SPEC CHECKSUMS:
  ChatSdk: 143427f92005dfbbfd081644e001d6a062bed075

PODFILE CHECKSUM: 04c1c87760ec4eb63e6eeeacce794217f429d652

COCOAPODS: 1.16.2
